
Microsoft Visual Studio Solution File, Format Version 12.00
# Visual Studio Version 17
VisualStudioVersion = 17.1.32328.378
MinimumVisualStudioVersion = 10.0.40219.1
Project("{FAE04EC0-301F-11D3-BF4B-00C04F79EFBC}") = "utsannas", "utsannas.csproj", "{2296F77A-62BF-489A-B23C-DE4134D3D874}"
EndProject
Global
	GlobalSection(SolutionConfigurationPlatforms) = preSolution
		Debug|Any CPU = Debug|Any CPU
		Release|Any CPU = Release|Any CPU
	EndGlobalSection
	GlobalSection(ProjectConfigurationPlatforms) = postSolution
		{2296F77A-62BF-489A-B23C-DE4134D3D874}.Debug|Any CPU.ActiveCfg = Debug|Any CPU
		{2296F77A-62BF-489A-B23C-DE4134D3D874}.Debug|Any CPU.Build.0 = Debug|Any CPU
		{2296F77A-62BF-489A-B23C-DE4134D3D874}.Release|Any CPU.ActiveCfg = Release|Any CPU
		{2296F77A-62BF-489A-B23C-DE4134D3D874}.Release|Any CPU.Build.0 = Release|Any CPU
	EndGlobalSection
	GlobalSection(SolutionProperties) = preSolution
		HideSolutionNode = FALSE
	EndGlobalSection
	GlobalSection(ExtensibilityGlobals) = postSolution
		SolutionGuid = {2C12852C-592F-41DA-8E36-DD1C9C2CAEF6}
	EndGlobalSection
EndGlobal
